
Microsoft Visual Studio Solution File, Format Version 12.00
# Visual Studio 15
VisualStudioVersion = 15.0.28307.136
MinimumVisualStudioVersion = 10.0.40219.1
Project("{FAE04EC0-301F-11D3-BF4B-00C04F79EFBC}") = "Task 2", "Task 2\Task 2.csproj", "{96AF4F1B-09E1-4699-AAD0-96EECE721620}"
EndProject
Project("{FAE04EC0-301F-11D3-BF4B-00C04F79EFBC}") = "Task 2 Test", "Task 2 Test\Task 2 Test.csproj", "{87154E29-8421-40C7-9FDE-0996379D9F8B}"
EndProject
Global
	GlobalSection(SolutionConfigurationPlatforms) = preSolution
		Debug|Any CPU = Debug|Any CPU
		Release|Any CPU = Release|Any CPU
	EndGlobalSection
	GlobalSection(ProjectConfigurationPlatforms) = postSolution
		{96AF4F1B-09E1-4699-AAD0-96EECE721620}.Debug|Any CPU.ActiveCfg = Debug|Any CPU
		{96AF4F1B-09E1-4699-AAD0-96EECE721620}.Debug|Any CPU.Build.0 = Debug|Any CPU
		{96AF4F1B-09E1-4699-AAD0-96EECE721620}.Release|Any CPU.ActiveCfg = Release|Any CPU
		{96AF4F1B-09E1-4699-AAD0-96EECE721620}.Release|Any CPU.Build.0 = Release|Any CPU
		{87154E29-8421-40C7-9FDE-0996379D9F8B}.Debug|Any CPU.ActiveCfg = Debug|Any CPU
		{87154E29-8421-40C7-9FDE-0996379D9F8B}.Debug|Any CPU.Build.0 = Debug|Any CPU
		{87154E29-8421-40C7-9FDE-0996379D9F8B}.Release|Any CPU.ActiveCfg = Release|Any CPU
		{87154E29-8421-40C7-9FDE-0996379D9F8B}.Release|Any CPU.Build.0 = Release|Any CPU
	EndGlobalSection
	GlobalSection(SolutionProperties) = preSolution
		HideSolutionNode = FALSE
	EndGlobalSection
	GlobalSection(ExtensibilityGlobals) = postSolution
		SolutionGuid = {AF41DC8F-D75C-4E03-A278-88703AE39F87}
	EndGlobalSection
EndGlobal
