
Microsoft Visual Studio Solution File, Format Version 12.00
# Visual Studio 15
VisualStudioVersion = 15.0.28307.136
MinimumVisualStudioVersion = 10.0.40219.1
Project("{FAE04EC0-301F-11D3-BF4B-00C04F79EFBC}") = "Task 1", "Task 1\Task 1.csproj", "{5E473F91-5CD4-4C93-B566-2A35A23538DF}"
EndProject
Project("{FAE04EC0-301F-11D3-BF4B-00C04F79EFBC}") = "Task 1 Test", "Task 1 Test\Task 1 Test.csproj", "{32DDAC54-A667-4F86-AD94-B33DD5B41C6A}"
EndProject
Global
	GlobalSection(SolutionConfigurationPlatforms) = preSolution
		Debug|Any CPU = Debug|Any CPU
		Release|Any CPU = Release|Any CPU
	EndGlobalSection
	GlobalSection(ProjectConfigurationPlatforms) = postSolution
		{5E473F91-5CD4-4C93-B566-2A35A23538DF}.Debug|Any CPU.ActiveCfg = Debug|Any CPU
		{5E473F91-5CD4-4C93-B566-2A35A23538DF}.Debug|Any CPU.Build.0 = Debug|Any CPU
		{5E473F91-5CD4-4C93-B566-2A35A23538DF}.Release|Any CPU.ActiveCfg = Release|Any CPU
		{5E473F91-5CD4-4C93-B566-2A35A23538DF}.Release|Any CPU.Build.0 = Release|Any CPU
		{32DDAC54-A667-4F86-AD94-B33DD5B41C6A}.Debug|Any CPU.ActiveCfg = Debug|Any CPU
		{32DDAC54-A667-4F86-AD94-B33DD5B41C6A}.Debug|Any CPU.Build.0 = Debug|Any CPU
		{32DDAC54-A667-4F86-AD94-B33DD5B41C6A}.Release|Any CPU.ActiveCfg = Release|Any CPU
		{32DDAC54-A667-4F86-AD94-B33DD5B41C6A}.Release|Any CPU.Build.0 = Release|Any CPU
	EndGlobalSection
	GlobalSection(SolutionProperties) = preSolution
		HideSolutionNode = FALSE
	EndGlobalSection
	GlobalSection(ExtensibilityGlobals) = postSolution
		SolutionGuid = {AD57C15A-1D59-4D73-9352-5FDD3A3E0888}
	EndGlobalSection
EndGlobal
